
Microsoft Visual Studio Solution File, Format Version 12.00
# Visual Studio Version 17
VisualStudioVersion = 17.10.34928.147
MinimumVisualStudioVersion = 10.0.40219.1
Project("{FAE04EC0-301F-11D3-BF4B-00C04F79EFBC}") = "xd-AntiSpy", "xd-AntiSpy\xd-AntiSpy.csproj", "{FA7D5C89-63D3-4AF0-80C2-D650D35E575B}"
EndProject
Global
	GlobalSection(SolutionConfigurationPlatforms) = preSolution
		Debug|Any CPU = Debug|Any CPU
		Release|Any CPU = Release|Any CPU
	EndGlobalSection
	GlobalSection(ProjectConfigurationPlatforms) = postSolution
		{FA7D5C89-63D3-4AF0-80C2-D650D35E575B}.Debug|Any CPU.ActiveCfg = Debug|Any CPU
		{FA7D5C89-63D3-4AF0-80C2-D650D35E575B}.Debug|Any CPU.Build.0 = Debug|Any CPU
		{FA7D5C89-63D3-4AF0-80C2-D650D35E575B}.Release|Any CPU.ActiveCfg = Release|Any CPU
		{FA7D5C89-63D3-4AF0-80C2-D650D35E575B}.Release|Any CPU.Build.0 = Release|Any CPU
	EndGlobalSection
	GlobalSection(SolutionProperties) = preSolution
		HideSolutionNode = FALSE
	EndGlobalSection
	GlobalSection(ExtensibilityGlobals) = postSolution
		SolutionGuid = {2071364D-7643-47BA-922C-79B33CCDCCA1}
	EndGlobalSection
EndGlobal
